
Microsoft Visual Studio Solution File, Format Version 12.00
# Visual Studio Version 16
VisualStudioVersion = 16.0.30320.27
MinimumVisualStudioVersion = 10.0.40219.1
Project("{9A19103F-16F7-4668-BE54-9A1E7A4F7556}") = "VelvetechTZ.API", "VelvetechTZ.API.csproj", "{69470628-ED1A-405C-9935-E553A60611D4}"
EndProject
Global
	GlobalSection(SolutionConfigurationPlatforms) = preSolution
		Debug|Any CPU = Debug|Any CPU
		Release|Any CPU = Release|Any CPU
	EndGlobalSection
	GlobalSection(ProjectConfigurationPlatforms) = postSolution
		{69470628-ED1A-405C-9935-E553A60611D4}.Debug|Any CPU.ActiveCfg = Debug|Any CPU
		{69470628-ED1A-405C-9935-E553A60611D4}.Debug|Any CPU.Build.0 = Debug|Any CPU
		{69470628-ED1A-405C-9935-E553A60611D4}.Release|Any CPU.ActiveCfg = Release|Any CPU
		{69470628-ED1A-405C-9935-E553A60611D4}.Release|Any CPU.Build.0 = Release|Any CPU
	EndGlobalSection
	GlobalSection(SolutionProperties) = preSolution
		HideSolutionNode = FALSE
	EndGlobalSection
	GlobalSection(ExtensibilityGlobals) = postSolution
		SolutionGuid = {E91C59F3-A6B7-49D8-B147-CB26089F9E8D}
	EndGlobalSection
EndGlobal
